{
  "name": "agent-hive",
  "version": "0.2.0",
  "lockfileVersion": 3,
  "requires": true,
  "packages": {
    "": {
      "name": "agent-hive",
      "version": "0.2.0",
      "license": "MIT",
      "workspaces": [
        "packages/*"
      ]
    },
    "node_modules/@agent-hive/opencode-plugin": {
      "resolved": "packages/opencode-hive",
      "link": true
    },
    "node_modules/@opencode-ai/plugin": {
      "version": "1.1.1",
      "resolved": "https://registry.npmjs.org/@opencode-ai/plugin/-/plugin-1.1.1.tgz",
      "integrity": "sha512-OZGvpDal8YsSo6dnatHfwviSToGZ6mJJyEKZGxUyWDuGCP7VhcoPkoM16ktl7TCVHkDK+TdwY9tKzkzFqQNc5w==",
      "dev": true,
      "license": "MIT",
      "dependencies": {
        "@opencode-ai/sdk": "1.1.1",
        "zod": "4.1.8"
      }
    },
    "node_modules/@opencode-ai/sdk": {
      "version": "1.1.1",
      "resolved": "https://registry.npmjs.org/@opencode-ai/sdk/-/sdk-1.1.1.tgz",
      "integrity": "sha512-PfXujMrHGeMnpS8Gd2BXSY+zZajlztcAvcokf06NtAhd0Mbo/hCLXgW0NBCQ+3FX3e/G2PNwz2DqMdtzyIZaCQ==",
      "license": "MIT"
    },
    "node_modules/@types/node": {
      "version": "20.19.27",
      "resolved": "https://registry.npmjs.org/@types/node/-/node-20.19.27.tgz",
      "integrity": "sha512-N2clP5pJhB2YnZJ3PIHFk5RkygRX5WO/5f0WC08tp0wd+sv0rsJk3MqWn3CbNmT2J505a5336jaQj4ph1AdMug==",
      "dev": true,
      "license": "MIT",
      "dependencies": {
        "undici-types": "~6.21.0"
      }
    },
    "node_modules/@types/vscode": {
      "version": "1.107.0",
      "resolved": "https://registry.npmjs.org/@types/vscode/-/vscode-1.107.0.tgz",
      "integrity": "sha512-XS8YE1jlyTIowP64+HoN30OlC1H9xqSlq1eoLZUgFEC8oUTO6euYZxti1xRiLSfZocs4qytTzR6xCBYtioQTCg==",
      "dev": true,
      "license": "MIT"
    },
    "node_modules/typescript": {
      "version": "5.9.3",
      "resolved": "https://registry.npmjs.org/typescript/-/typescript-5.9.3.tgz",
      "integrity": "sha512-jl1vZzPDinLr9eUt3J/t7V6FgNEw9QjvBPdysz9KfQDD41fQrC2Y4vKQdiaUpFT4bXlb1RHhLpp8wtm6M5TgSw==",
      "dev": true,
      "license": "Apache-2.0",
      "bin": {
        "tsc": "bin/tsc",
        "tsserver": "bin/tsserver"
      },
      "engines": {
        "node": ">=14.17"
      }
    },
    "node_modules/undici-types": {
      "version": "6.21.0",
      "resolved": "https://registry.npmjs.org/undici-types/-/undici-types-6.21.0.tgz",
      "integrity": "sha512-iwDZqg0QAGrg9Rav5H4n0M64c3mkR59cJ6wQp+7C4nI0gsmExaedaYLNO44eT4AtBBwjbTiGPMlt2Md0T9H9JQ==",
      "dev": true,
      "license": "MIT"
    },
    "node_modules/vscode-hive": {
      "resolved": "packages/vscode-hive",
      "link": true
    },
    "node_modules/zod": {
      "version": "4.1.8",
      "resolved": "https://registry.npmjs.org/zod/-/zod-4.1.8.tgz",
      "integrity": "sha512-5R1P+WwQqmmMIEACyzSvo4JXHY5WiAFHRMg+zBZKgKS+Q1viRa0C1hmUKtHltoIFKtIdki3pRxkmpP74jnNYHQ==",
      "dev": true,
      "license": "MIT",
      "funding": {
        "url": "https://github.com/sponsors/colinhacks"
      }
    },
    "packages/opencode-hive": {
      "name": "@agent-hive/opencode-plugin",
      "version": "0.2.0",
      "devDependencies": {
        "@opencode-ai/plugin": "^1.0.143",
        "@types/node": "^20.0.0",
        "typescript": "^5.0.0"
      },
      "peerDependencies": {
        "@opencode-ai/plugin": ">=0.13.7"
      }
    },
    "packages/vscode-hive": {
      "version": "0.2.0",
      "license": "CC-BY-NC-4.0",
      "dependencies": {
        "@opencode-ai/sdk": "^1.1.1"
      },
      "devDependencies": {
        "@types/vscode": "^1.80.0",
        "typescript": "^5.0.0"
      },
      "engines": {
        "vscode": "^1.80.0"
      }
    }
  }
}
